# THIS IS AN AUTOGENERATED FILE. DO NOT EDIT THIS FILE DIRECTLY.
# yarn lockfile v1


apng2gif-bin@^1.7.1:
  version "1.7.1"
  resolved "https://registry.yarnpkg.com/apng2gif-bin/-/apng2gif-bin-1.7.1.tgz#2aee148e26ef943735016bbc0d608e1aeb6ea645"
  integrity sha512-Zg+KnNIDoMepSJ07d5PDOhNfx+k85iv0hCD8PEvjIeoIzpemHl2JkvN/88YRrnFBJ6DyFLpRlv/+EjnmNKWnLg==
